
Microsoft Visual Studio Solution File, Format Version 12.00
# Visual Studio Version 16
VisualStudioVersion = 16.0.32106.194
MinimumVisualStudioVersion = 10.0.40219.1
Project("{FAE04EC0-301F-11D3-BF4B-00C04F79EFBC}") = "ProjetoB", "ProjetoB\ProjetoB.csproj", "{086DAFA6-42CB-4473-BBE1-CDAEA8866E39}"
EndProject
Global
	GlobalSection(SolutionConfigurationPlatforms) = preSolution
		Debug|Any CPU = Debug|Any CPU
		Release|Any CPU = Release|Any CPU
	EndGlobalSection
	GlobalSection(ProjectConfigurationPlatforms) = postSolution
		{086DAFA6-42CB-4473-BBE1-CDAEA8866E39}.Debug|Any CPU.ActiveCfg = Debug|Any CPU
		{086DAFA6-42CB-4473-BBE1-CDAEA8866E39}.Debug|Any CPU.Build.0 = Debug|Any CPU
		{086DAFA6-42CB-4473-BBE1-CDAEA8866E39}.Release|Any CPU.ActiveCfg = Release|Any CPU
		{086DAFA6-42CB-4473-BBE1-CDAEA8866E39}.Release|Any CPU.Build.0 = Release|Any CPU
	EndGlobalSection
	GlobalSection(SolutionProperties) = preSolution
		HideSolutionNode = FALSE
	EndGlobalSection
	GlobalSection(ExtensibilityGlobals) = postSolution
		SolutionGuid = {522B4A10-911F-4DD9-A1AB-4CC78904014E}
	EndGlobalSection
EndGlobal
